
Microsoft Visual Studio Solution File, Format Version 12.00
# Visual Studio Version 16
VisualStudioVersion = 16.0.28721.148
MinimumVisualStudioVersion = 10.0.40219.1
Project("{FAE04EC0-301F-11D3-BF4B-00C04F79EFBC}") = "ScreenShare-Server", "ScreenShare-Server\ScreenShare-Server.csproj", "{D61B02EE-6D83-490E-A6AC-B7E4476EFA16}"
EndProject
Project("{FAE04EC0-301F-11D3-BF4B-00C04F79EFBC}") = "ScreenShare-Client", "ScreenShare-Client\ScreenShare-Client.csproj", "{1DDF6DE0-841B-4730-9124-9A06C3E02CFB}"
EndProject
Project("{FAE04EC0-301F-11D3-BF4B-00C04F79EFBC}") = "KeySend-Server", "KeySend-Server\KeySend-Server.csproj", "{27C43EE7-181C-4ED1-9221-0C228701BF14}"
EndProject
Project("{FAE04EC0-301F-11D3-BF4B-00C04F79EFBC}") = "KeySend-Client", "KeySend-Client\KeySend-Client.csproj", "{B24C58C3-6015-4704-80D8-78BC0167B4A3}"
EndProject
Global
	GlobalSection(SolutionConfigurationPlatforms) = preSolution
		Debug|Any CPU = Debug|Any CPU
		Release|Any CPU = Release|Any CPU
	EndGlobalSection
	GlobalSection(ProjectConfigurationPlatforms) = postSolution
		{D61B02EE-6D83-490E-A6AC-B7E4476EFA16}.Debug|Any CPU.ActiveCfg = Debug|Any CPU
		{D61B02EE-6D83-490E-A6AC-B7E4476EFA16}.Debug|Any CPU.Build.0 = Debug|Any CPU
		{D61B02EE-6D83-490E-A6AC-B7E4476EFA16}.Release|Any CPU.ActiveCfg = Release|Any CPU
		{D61B02EE-6D83-490E-A6AC-B7E4476EFA16}.Release|Any CPU.Build.0 = Release|Any CPU
		{1DDF6DE0-841B-4730-9124-9A06C3E02CFB}.Debug|Any CPU.ActiveCfg = Debug|Any CPU
		{1DDF6DE0-841B-4730-9124-9A06C3E02CFB}.Debug|Any CPU.Build.0 = Debug|Any CPU
		{1DDF6DE0-841B-4730-9124-9A06C3E02CFB}.Release|Any CPU.ActiveCfg = Release|Any CPU
		{1DDF6DE0-841B-4730-9124-9A06C3E02CFB}.Release|Any CPU.Build.0 = Release|Any CPU
		{27C43EE7-181C-4ED1-9221-0C228701BF14}.Debug|Any CPU.ActiveCfg = Debug|Any CPU
		{27C43EE7-181C-4ED1-9221-0C228701BF14}.Debug|Any CPU.Build.0 = Debug|Any CPU
		{27C43EE7-181C-4ED1-9221-0C228701BF14}.Release|Any CPU.ActiveCfg = Release|Any CPU
		{27C43EE7-181C-4ED1-9221-0C228701BF14}.Release|Any CPU.Build.0 = Release|Any CPU
		{B24C58C3-6015-4704-80D8-78BC0167B4A3}.Debug|Any CPU.ActiveCfg = Debug|Any CPU
		{B24C58C3-6015-4704-80D8-78BC0167B4A3}.Debug|Any CPU.Build.0 = Debug|Any CPU
		{B24C58C3-6015-4704-80D8-78BC0167B4A3}.Release|Any CPU.ActiveCfg = Release|Any CPU
		{B24C58C3-6015-4704-80D8-78BC0167B4A3}.Release|Any CPU.Build.0 = Release|Any CPU
	EndGlobalSection
	GlobalSection(SolutionProperties) = preSolution
		HideSolutionNode = FALSE
	EndGlobalSection
	GlobalSection(ExtensibilityGlobals) = postSolution
		SolutionGuid = {E9B0B969-F223-4FB9-859A-0C0B994DAD1D}
	EndGlobalSection
EndGlobal
